
Microsoft Visual Studio Solution File, Format Version 12.00
# Visual Studio Version 17
VisualStudioVersion = 17.11.35208.52
MinimumVisualStudioVersion = 10.0.40219.1
Project("{FAE04EC0-301F-11D3-BF4B-00C04F79EFBC}") = "SınavNotuHesaplama", "SınavNotuHesaplama\SınavNotuHesaplama.csproj", "{1A19B587-D6BF-4CE5-B941-5252EA566C58}"
EndProject
Global
	GlobalSection(SolutionConfigurationPlatforms) = preSolution
		Debug|Any CPU = Debug|Any CPU
		Release|Any CPU = Release|Any CPU
	EndGlobalSection
	GlobalSection(ProjectConfigurationPlatforms) = postSolution
		{1A19B587-D6BF-4CE5-B941-5252EA566C58}.Debug|Any CPU.ActiveCfg = Debug|Any CPU
		{1A19B587-D6BF-4CE5-B941-5252EA566C58}.Debug|Any CPU.Build.0 = Debug|Any CPU
		{1A19B587-D6BF-4CE5-B941-5252EA566C58}.Release|Any CPU.ActiveCfg = Release|Any CPU
		{1A19B587-D6BF-4CE5-B941-5252EA566C58}.Release|Any CPU.Build.0 = Release|Any CPU
	EndGlobalSection
	GlobalSection(SolutionProperties) = preSolution
		HideSolutionNode = FALSE
	EndGlobalSection
	GlobalSection(ExtensibilityGlobals) = postSolution
		SolutionGuid = {6091BA2C-60A3-48CC-A2AF-5D180C59FB23}
	EndGlobalSection
EndGlobal
